
Microsoft Visual Studio Solution File, Format Version 12.00
# Visual Studio 15
VisualStudioVersion = 15.0.27428.1
MinimumVisualStudioVersion = 10.0.40219.1
Project("{FAE04EC0-301F-11D3-BF4B-00C04F79EFBC}") = "Contract", "Contract\Contract.csproj", "{17631111-C734-4A0E-BF36-B91885603D7E}"
EndProject
Project("{FAE04EC0-301F-11D3-BF4B-00C04F79EFBC}") = "Core", "Core\Core.csproj", "{22224A2E-12F8-4CE7-BC37-8047DCE43FFD}"
EndProject
Project("{FAE04EC0-301F-11D3-BF4B-00C04F79EFBC}") = "Shell", "Shell\Shell.csproj", "{1F93CE90-6E3D-42E2-938D-351A6FA86AC1}"
EndProject
Global
	GlobalSection(SolutionConfigurationPlatforms) = preSolution
		Debug|Any CPU = Debug|Any CPU
		Release|Any CPU = Release|Any CPU
	EndGlobalSection
	GlobalSection(ProjectConfigurationPlatforms) = postSolution
		{17631111-C734-4A0E-BF36-B91885603D7E}.Debug|Any CPU.ActiveCfg = Debug|Any CPU
		{17631111-C734-4A0E-BF36-B91885603D7E}.Debug|Any CPU.Build.0 = Debug|Any CPU
		{17631111-C734-4A0E-BF36-B91885603D7E}.Release|Any CPU.ActiveCfg = Release|Any CPU
		{17631111-C734-4A0E-BF36-B91885603D7E}.Release|Any CPU.Build.0 = Release|Any CPU
		{22224A2E-12F8-4CE7-BC37-8047DCE43FFD}.Debug|Any CPU.ActiveCfg = Debug|Any CPU
		{22224A2E-12F8-4CE7-BC37-8047DCE43FFD}.Debug|Any CPU.Build.0 = Debug|Any CPU
		{22224A2E-12F8-4CE7-BC37-8047DCE43FFD}.Release|Any CPU.ActiveCfg = Release|Any CPU
		{22224A2E-12F8-4CE7-BC37-8047DCE43FFD}.Release|Any CPU.Build.0 = Release|Any CPU
		{1F93CE90-6E3D-42E2-938D-351A6FA86AC1}.Debug|Any CPU.ActiveCfg = Debug|Any CPU
		{1F93CE90-6E3D-42E2-938D-351A6FA86AC1}.Debug|Any CPU.Build.0 = Debug|Any CPU
		{1F93CE90-6E3D-42E2-938D-351A6FA86AC1}.Release|Any CPU.ActiveCfg = Release|Any CPU
		{1F93CE90-6E3D-42E2-938D-351A6FA86AC1}.Release|Any CPU.Build.0 = Release|Any CPU
	EndGlobalSection
	GlobalSection(SolutionProperties) = preSolution
		HideSolutionNode = FALSE
	EndGlobalSection
	GlobalSection(ExtensibilityGlobals) = postSolution
		SolutionGuid = {0C9CA25E-B38D-42B7-ACB8-01B7D94E3B99}
	EndGlobalSection
EndGlobal
